cloud.google.com/go/auth v0.9.3 h1:VOEUIAADkkLtyfr3BLa3R8Ed/j6w1jTBmARx+wb5w5U=
cloud.google.com/go/auth v0.9.3/go.mod h1:7z6VY+7h3KUdRov5F1i8NDP5ZzWKYmEPO842BgCsmTk=
cloud.google.com/go/auth/oauth2adapt v0.2.4 h1:0GWE/FUsXhf6C+jAkWgYm7X9tK8cuEIfy19DBn6B6bY=
cloud.google.com/go/auth/oauth2adapt v0.2.4/go.mod h1:jC/jOpwFP6JBxhB3P5Rr0a9HLMC/Pe3eaL4NmdvqPtc=
cloud.google.com/go/compute/metadata v0.5.0 h1:Zr0eK8JbFv6+Wi4ilXAR8FJ3wyNdpxHKJNPos6LTZOY=
cloud.google.com/go/compute/metadata v0.5.0/go.mod h1:aHnloV2TPI38yx4s9+wAZhHykWvVCfu7hQbF+9CWoiY=
github.com/Azure/azure-sdk-for-go/sdk/azcore v1.14.0 h1:nyQWyZvwGTvunIMxi1Y9uXkcyr+I7TeNrr/foo4Kpk8=
github.com/Azure/azure-sdk-for-go/sdk/azcore v1.14.0/go.mod h1:l38EPgmsp71HHLq9j7De57JcKOWPyhrsW1Awm1JS6K0=
github.com/Azure/azure-sdk-for-go/sdk/azidentity v1.7.0 h1:tfLQ34V6F7tVSwoTf/4lH5sE0o6eCJuNDTmH09nDpbc=
github.com/Azure/azure-sdk-for-go/sdk/azidentity v1.7.0/go.mod h1:9kIvujWAA58nmPmWB1m23fyWic1kYZMxD9CxaWn4Qpg=
github.com/Azure/azure-sdk-for-go/sdk/internal v1.10.0 h1:ywEEhmNahHBihViHepv3xPBn1663uRv2t2q/ESv9seY=
github.com/Azure/azure-sdk-for-go/sdk/internal v1.10.0/go.mod h1:iZDifYGJTIgIIkYRNWPENUnqx6bJ2xnSDFI2tjwZNuY=
github.com/Azure/azure-sdk-for-go/sdk/storage/azblob v1.3.2 h1:YUUxeiOWgdAQE3pXt2H7QXzZs0q8UBjgRbl56qo8GYM=
github.com/Azure/azure-sdk-for-go/sdk/storage/azblob v1.3.2/go.mod h1:dmXQgZuiSubAecswZE+Sm8jkvEa7kQgTPVRvwL/nd0E=
github.com/Azure/azure-sdk-for-go/sdk/storage/azfile v1.2.2 h1:PmDhkIT8S5U4nkY/s78Xmf7CXT8qCliNEBhbrkBp3Q0=
github.com/Azure/azure-sdk-for-go/sdk/storage/azfile v1.2.2/go.mod h1:Kj2pCkQ47klX1aAlDnlN/BUvwBiARqIJkc9iw1Up7q8=
github.com/Azure/go-ntlmssp v0.0.0-20221128193559-754e69321358 h1:mFRzDkZVAjdal+s7s0MwaRv9igoPqLRdzOLzw/8Xvq8=
github.com/Azure/go-ntlmssp v0.0.0-20221128193559-754e69321358/go.mod h1:chxPXzSsl7ZWRAuOIE23GDNzjWuZquvFlgA8xmpunjU=
github.com/AzureAD/microsoft-authentication-library-for-go v1.2.2 h1:XHOnouVk1mxXfQidrMEnLlPk9UMeRtyBTnEFtxkV0kU=
github.com/AzureAD/microsoft-authentication-library-for-go v1.2.2/go.mod h1:wP83P5OoQ5p6ip3ScPr0BAq0BvuPAvacpEuSzyouqAI=
github.com/Files-com/files-sdk-go/v3 v3.2.34 h1:j6gSzu6BF1wWH1z4itRe7eKhQSCrx/I78SDNiBBUtvI=
github.com/Files-com/files-sdk-go/v3 v3.2.34/go.mod h1:Y/bCHoPJNPKz2hw1ADXjQXJP378HODwK+g/5SR2gqfU=
github.com/Max-Sum/base32768 v0.0.0-20230304063302-18e6ce5945fd h1:nzE1YQBdx1bq9IlZinHa+HVffy+NmVRoKr+wHN8fpLE=
github.com/Max-Sum/base32768 v0.0.0-20230304063302-18e6ce5945fd/go.mod h1:C8yoIfvESpM3GD07OCHU7fqI7lhwyZ2Td1rbNbTAhnc=
github.com/Microsoft/go-winio v0.6.1 h1:9/kr64B9VUZrLm5YYwbGtUJnMgqWVOdUAXu6Migciow=
github.com/Microsoft/go-winio v0.6.1/go.mod h1:LRdKpFKfdobln8UmuiYcKPot9D2v6svN5+sAH+4kjUM=
github.com/ProtonMail/bcrypt v0.0.0-20211005172633-e235017c1baf h1:yc9daCCYUefEs69zUkSzubzjBbL+cmOXgnmt9Fyd9ug=
github.com/ProtonMail/bcrypt v0.0.0-20211005172633-e235017c1baf/go.mod h1:o0ESU9p83twszAU8LBeJKFAAMX14tISa0yk4Oo5TOqo=
github.com/ProtonMail/gluon v0.17.1-0.20230724134000-308be39be96e h1:lCsqUUACrcMC83lg5rTo9Y0PnPItE61JSfvMyIcANwk=
github.com/ProtonMail/gluon v0.17.1-0.20230724134000-308be39be96e/go.mod h1:Og5/Dz1MiGpCJn51XujZwxiLG7WzvvjE5PRpZBQmAHo=
github.com/ProtonMail/go-crypto v1.0.0 h1:LRuvITjQWX+WIfr930YHG2HNfjR1uOfyf5vE0kC2U78=
github.com/ProtonMail/go-crypto v1.0.0/go.mod h1:EjAoLdwvbIOoOQr3ihjnSoLZRtE8azugULFRteWMNc0=
github.com/ProtonMail/go-mime v0.0.0-20230322103455-7d82a3887f2f h1:tCbYj7/299ekTTXpdwKYF8eBlsYsDVoggDAuAjoK66k=
github.com/ProtonMail/go-mime v0.0.0-20230322103455-7d82a3887f2f/go.mod h1:gcr0kNtGBqin9zDW9GOHcVntrwnjrK+qdJ06mWYBybw=
github.com/ProtonMail/go-srp v0.0.7 h1:Sos3Qk+th4tQR64vsxGIxYpN3rdnG9Wf9K4ZloC1JrI=
github.com/ProtonMail/go-srp v0.0.7/go.mod h1:giCp+7qRnMIcCvI6V6U3S1lDDXDQYx2ewJ6F/9wdlJk=
github.com/ProtonMail/gopenpgp/v2 v2.7.4 h1:Vz/8+HViFFnf2A6XX8JOvZMrA6F5puwNvvF21O1mRlo=
github.com/ProtonMail/gopenpgp/v2 v2.7.4/go.mod h1:IhkNEDaxec6NyzSI0PlxapinnwPVIESk8/76da3Ct3g=
github.com/PuerkitoBio/goquery v1.8.1 h1:uQxhNlArOIdbrH1tr0UXwdVFgDcZDrZVdcpygAcwmWM=
github.com/PuerkitoBio/goquery v1.8.1/go.mod h1:Q8ICL1kNUJ2sXGoAhPGUdYDJvgQgHzJsnnd3H7Ho5jQ=
github.com/abbot/go-http-auth v0.4.0 h1:QjmvZ5gSC7jm3Zg54DqWE/T5m1t2AfDu6QlXJT0EVT0=
github.com/abbot/go-http-auth v0.4.0/go.mod h1:Cz6ARTIzApMJDzh5bRMSUou6UMSp0IEXg9km/ci7TJM=
github.com/andybalholm/cascadia v1.3.2 h1:3Xi6Dw5lHF15JtdcmAHD3i1+T8plmv7BQ/nsViSLyss=
github.com/andybalholm/cascadia v1.3.2/go.mod h1:7gtRlve5FxPPgIgX36uWBX58OdBsSS6lUvCFb+h7KvU=
github.com/appscode/go-querystring v0.0.0-20170504095604-0126cfb3f1dc h1:LoL75er+LKDHDUfU5tRvFwxH0LjPpZN8OoG8Ll+liGU=
github.com/appscode/go-querystring v0.0.0-20170504095604-0126cfb3f1dc/go.mod h1:w648aMHEgFYS6xb0KVMMtZ2uMeemhiKCuD2vj6gY52A=
github.com/aws/aws-sdk-go-v2 v1.32.3 h1:T0dRlFBKcdaUPGNtkBSwHZxrtis8CQU17UpNBZYd0wk=
github.com/aws/aws-sdk-go-v2 v1.32.3/go.mod h1:2SK5n0a2karNTv5tbP1SjsX0uhttou00v/HpXKM1ZUo=
github.com/aws/aws-sdk-go-v2/aws/protocol/eventstream v1.6.6 h1:pT3hpW0cOHRJx8Y0DfJUEQuqPild8jRGmSFmBgvydr0=
github.com/aws/aws-sdk-go-v2/aws/protocol/eventstream v1.6.6/go.mod h1:j/I2++U0xX+cr44QjHay4Cvxj6FUbnxrgmqN3H1jTZA=
github.com/aws/aws-sdk-go-v2/config v1.28.1 h1:oxIvOUXy8x0U3fR//0eq+RdCKimWI900+SV+10xsCBw=
github.com/aws/aws-sdk-go-v2/config v1.28.1/go.mod h1:bRQcttQJiARbd5JZxw6wG0yIK3eLeSCPdg6uqmmlIiI=
github.com/aws/aws-sdk-go-v2/credentials v1.17.42 h1:sBP0RPjBU4neGpIYyx8mkU2QqLPl5u9cmdTWVzIpHkM=
github.com/aws/aws-sdk-go-v2/credentials v1.17.42/go.mod h1:FwZBfU530dJ26rv9saAbxa9Ej3eF/AK0OAY86k13n4M=
github.com/aws/aws-sdk-go-v2/feature/ec2/imds v1.16.18 h1:68jFVtt3NulEzojFesM/WVarlFpCaXLKaBxDpzkQ9OQ=
github.com/aws/aws-sdk-go-v2/feature/ec2/imds v1.16.18/go.mod h1:Fjnn5jQVIo6VyedMc0/EhPpfNlPl7dHV916O6B+49aE=
github.com/aws/aws-sdk-go-v2/feature/s3/manager v1.17.35 h1:ihPPdcCVSN0IvBByXwqVp28/l4VosBZ6sDulcvU2J7w=
github.com/aws/aws-sdk-go-v2/feature/s3/manager v1.17.35/go.mod h1:JkgEhs3SVF51Dj3m1Bj+yL8IznpxzkwlA3jLg3x7Kls=
github.com/aws/aws-sdk-go-v2/internal/configsources v1.3.22 h1:Jw50LwEkVjuVzE1NzkhNKkBf9cRN7MtE1F/b2cOKTUM=
github.com/aws/aws-sdk-go-v2/internal/configsources v1.3.22/go.mod h1:Y/SmAyPcOTmpeVaWSzSKiILfXTVJwrGmYZhcRbhWuEY=
github.com/aws/aws-sdk-go-v2/internal/endpoints/v2 v2.6.22 h1:981MHwBaRZM7+9QSR6XamDzF/o7ouUGxFzr+nVSIhrs=
github.com/aws/aws-sdk-go-v2/internal/endpoints/v2 v2.6.22/go.mod h1:1RA1+aBEfn+CAB/Mh0MB6LsdCYCnjZm7tKXtnk499ZQ=
github.com/aws/aws-sdk-go-v2/internal/ini v1.8.1 h1:VaRN3TlFdd6KxX1x3ILT5ynH6HvKgqdiXoTxAF4HQcQ=
github.com/aws/aws-sdk-go-v2/internal/ini v1.8.1/go.mod h1:FbtygfRFze9usAadmnGJNc8KsP346kEe+y2/oyhGAGc=
github.com/aws/aws-sdk-go-v2/internal/v4a v1.3.22 h1:yV+hCAHZZYJQcwAaszoBNwLbPItHvApxT0kVIw6jRgs=
github.com/aws/aws-sdk-go-v2/internal/v4a v1.3.22/go.mod h1:kbR1TL8llqB1eGnVbybcA4/wgScxdylOdyAd51yxPdw=
github.com/aws/aws-sdk-go-v2/service/internal/accept-encoding v1.12.0 h1:TToQNkvGguu209puTojY/ozlqy2d/SFNcoLIqTFi42g=
github.com/aws/aws-sdk-go-v2/service/internal/accept-encoding v1.12.0/go.mod h1:0jp+ltwkf+SwG2fm/PKo8t4y8pJSgOCO4D8Lz3k0aHQ=
github.com/aws/aws-sdk-go-v2/service/internal/checksum v1.4.3 h1:kT6BcZsmMtNkP/iYMcRG+mIEA/IbeiUimXtGmqF39y0=
github.com/aws/aws-sdk-go-v2/service/internal/checksum v1.4.3/go.mod h1:Z8uGua2k4PPaGOYn66pK02rhMrot3Xk3tpBuUFPomZU=
github.com/aws/aws-sdk-go-v2/service/internal/presigned-url v1.12.3 h1:qcxX0JYlgWH3hpPUnd6U0ikcl6LLA9sLkXE2w1fpMvY=
github.com/aws/aws-sdk-go-v2/service/internal/presigned-url v1.12.3/go.mod h1:cLSNEmI45soc+Ef8K/L+8sEA3A3pYFEYf5B5UI+6bH4=
github.com/aws/aws-sdk-go-v2/service/internal/s3shared v1.18.3 h1:ZC7Y/XgKUxwqcdhO5LE8P6oGP1eh6xlQReWNKfhvJno=
github.com/aws/aws-sdk-go-v2/service/internal/s3shared v1.18.3/go.mod h1:WqfO7M9l9yUAw0HcHaikwRd/H6gzYdz7vjejCA5e2oY=
github.com/aws/aws-sdk-go-v2/service/s3 v1.66.2 h1:p9TNFL8bFUMd+38YIpTAXpoxyz0MxC7FlbFEH4P4E1U=
github.com/aws/aws-sdk-go-v2/service/s3 v1.66.2/go.mod h1:fNjyo0Coen9QTwQLWeV6WO2Nytwiu+cCcWaTdKCAqqE=
github.com/aws/aws-sdk-go-v2/service/sso v1.24.3 h1:UTpsIf0loCIWEbrqdLb+0RxnTXfWh2vhw4nQmFi4nPc=
github.com/aws/aws-sdk-go-v2/service/sso v1.24.3/go.mod h1:FZ9j3PFHHAR+w0BSEjK955w5YD2UwB/l/H0yAK3MJvI=
github.com/aws/aws-sdk-go-v2/service/ssooidc v1.28.3 h1:2YCmIXv3tmiItw0LlYf6v7gEHebLY45kBEnPezbUKyU=
github.com/aws/aws-sdk-go-v2/service/ssooidc v1.28.3/go.mod h1:u19stRyNPxGhj6dRm+Cdgu6N75qnbW7+QN0q0dsAk58=
github.com/aws/aws-sdk-go-v2/service/sts v1.32.3 h1:wVnQ6tigGsRqSWDEEyH6lSAJ9OyFUsSnbaUWChuSGzs=
github.com/aws/aws-sdk-go-v2/service/sts v1.32.3/go.mod h1:VZa9yTFyj4o10YGsmDO4gbQJUvvhY72fhumT8W4LqsE=
github.com/aws/smithy-go v1.22.0 h1:uunKnWlcoL3zO7q+gG2Pk53joueEOsnNB28QdMsmiMM=
github.com/aws/smithy-go v1.22.0/go.mod h1:irrKGvNn1InZwb2d7fkIRNucdfwR8R+Ts3wxYa/cJHg=
github.com/beorn7/perks v1.0.1 h1:VlbKKnNfV8bJzeqoa4cOKqO6bYr3WgKZxO8Z16+hsOM=
github.com/beorn7/perks v1.0.1/go.mod h1:G2ZrVWU2WbWT9wwq4/hrbKbnv/1ERSJQ0ibhJ6rlkpw=
github.com/bradenaw/juniper v0.15.2 h1:0JdjBGEF2jP1pOxmlNIrPhAoQN7Ng5IMAY5D0PHMW4U=
github.com/bradenaw/juniper v0.15.2/go.mod h1:UX4FX57kVSaDp4TPqvSjkAAewmRFAfXf27BOs5z9dq8=
github.com/bradfitz/iter v0.0.0-20191230175014-e8f45d346db8 h1:GKTyiRCL6zVf5wWaqKnf+7Qs6GbEPfd4iMOitWzXJx8=
github.com/bradfitz/iter v0.0.0-20191230175014-e8f45d346db8/go.mod h1:spo1JLcs67NmW1aVLEgtA8Yy1elc+X8y5SRW1sFW4Og=
github.com/buengese/sgzip v0.1.1 h1:ry+T8l1mlmiWEsDrH/YHZnCVWD2S3im1KLsyO+8ZmTU=
github.com/buengese/sgzip v0.1.1/go.mod h1:i5ZiXGF3fhV7gL1xaRRL1nDnmpNj0X061FQzOS8VMas=
github.com/calebcase/tmpfile v1.0.3 h1:BZrOWZ79gJqQ3XbAQlihYZf/YCV0H4KPIdM5K5oMpJo=
github.com/calebcase/tmpfile v1.0.3/go.mod h1:UAUc01aHeC+pudPagY/lWvt2qS9ZO5Zzof6/tIUzqeI=
github.com/cespare/xxhash/v2 v2.3.0 h1:UL815xU9SqsFlibzuggzjXhog7bL6oX9BbNZnL2UFvs=
github.com/cespare/xxhash/v2 v2.3.0/go.mod h1:VGX0DQ3Q6kWi7AoAeZDth3/j3BFtOZR5XLFGgcrjCOs=
github.com/chilts/sid v0.0.0-20190607042430-660e94789ec9 h1:z0uK8UQqjMVYzvk4tiiu3obv2B44+XBsvgEJREQfnO8=
github.com/chilts/sid v0.0.0-20190607042430-660e94789ec9/go.mod h1:Jl2neWsQaDanWORdqZ4emBl50J4/aRBBS4FyyG9/PFo=
github.com/cloudflare/circl v1.3.7 h1:qlCDlTPz2n9fu58M0Nh1J/JzcFpfgkFHHX3O35r5vcU=
github.com/cloudflare/circl v1.3.7/go.mod h1:sRTcRWXGLrKw6yIGJ+l7amYJFfAXbZG0kBSc8r4zxgA=
github.com/cloudsoda/go-smb2 v0.0.0-20231124195312-f3ec8ae2c891 h1:nPP4suUiNage0vvyEBgfAnhTPwwXhNqtHmSuiCIQwKU=
github.com/cloudsoda/go-smb2 v0.0.0-20231124195312-f3ec8ae2c891/go.mod h1:xFxVVe3plxwhM+6BgTTPByEgG8hggo8+gtRUkbc5W8Q=
github.com/colinmarc/hdfs/v2 v2.4.0 h1:v6R8oBx/Wu9fHpdPoJJjpGSUxo8NhHIwrwsfhFvU9W0=
github.com/colinmarc/hdfs/v2 v2.4.0/go.mod h1:0NAO+/3knbMx6+5pCv+Hcbaz4xn/Zzbn9+WIib2rKVI=
github.com/coreos/go-semver v0.3.1 h1:yi21YpKnrx1gt5R+la8n5WgS0kCrsPp33dmEyHReZr4=
github.com/coreos/go-semver v0.3.1/go.mod h1:irMmmIw/7yzSRPWryHsK7EYSg09caPQL03VsM8rvUec=
github.com/coreos/go-systemd/v22 v22.5.0 h1:RrqgGjYQKalulkV8NGVIfkXQf6YYmOyiJKk8iXXhfZs=
github.com/coreos/go-systemd/v22 v22.5.0/go.mod h1:Y58oyj3AT4RCenI/lSvhwexgC+NSVTIJ3seZv2GcEnc=
github.com/cronokirby/saferith v0.33.0 h1:TgoQlfsD4LIwx71+ChfRcIpjkw+RPOapDEVxa+LhwLo=
github.com/cronokirby/saferith v0.33.0/go.mod h1:QKJhjoqUtBsXCAVEjw38mFqoi7DebT7kthcD7UzbnoA=
github.com/davecgh/go-spew v1.1.0/go.mod h1:J7Y8YcW2NihsgmVo/mv3lAwl/skON4iLHjSsI+c5H38=
github.com/davecgh/go-spew v1.1.1/go.mod h1:J7Y8YcW2NihsgmVo/mv3lAwl/skON4iLHjSsI+c5H38=
github.com/davecgh/go-spew v1.1.2-0.20180830191138-d8f796af33cc h1:U9qPSI2PIWSS1VwoXQT9A3Wy9MM3WgvqSxFWenqJduM=
github.com/davecgh/go-spew v1.1.2-0.20180830191138-d8f796af33cc/go.mod h1:J7Y8YcW2NihsgmVo/mv3lAwl/skON4iLHjSsI+c5H38=
github.com/dropbox/dropbox-sdk-go-unofficial/v6 v6.0.5 h1:FT+t0UEDykcor4y3dMVKXIiWJETBpRgERYTGlmMd7HU=
github.com/dropbox/dropbox-sdk-go-unofficial/v6 v6.0.5/go.mod h1:rSS3kM9XMzSQ6pw91Qgd6yB5jdt70N4OdtrAf74As5M=
github.com/dustin/go-humanize v1.0.1 h1:GzkhY7T5VNhEkwH0PVJgjz+fX1rhBrR7pRT3mDkpeCY=
github.com/dustin/go-humanize v1.0.1/go.mod h1:Mu1zIs6XwVuF/gI1OepvI0qD18qycQx+mFykh5fBlto=
github.com/emersion/go-message v0.18.0 h1:7LxAXHRpSeoO/Wom3ZApVZYG7c3d17yCScYce8WiXA8=
github.com/emersion/go-message v0.18.0/go.mod h1:Zi69ACvzaoV/MBnrxfVBPV3xWEuCmC2nEN39oJF4B8A=
github.com/emersion/go-textwrapper v0.0.0-20200911093747-65d896831594 h1:IbFBtwoTQyw0fIM5xv1HF+Y+3ZijDR839WMulgxCcUY=
github.com/emersion/go-textwrapper v0.0.0-20200911093747-65d896831594/go.mod h1:aqO8z8wPrjkscevZJFVE1wXJrLpC5LtJG7fqLOsPb2U=
github.com/emersion/go-vcard v0.0.0-20230815062825-8fda7d206ec9 h1:ATgqloALX6cHCranzkLb8/zjivwQ9DWWDCQRnxTPfaA=
github.com/emersion/go-vcard v0.0.0-20230815062825-8fda7d206ec9/go.mod h1:HMJKR5wlh/ziNp+sHEDV2ltblO4JD2+IdDOWtGcQBTM=
github.com/felixge/httpsnoop v1.0.4 h1:NFTV2Zj1bL4mc9sqWACXbQFVBBg2W3GPvqp8/ESS2Wg=
github.com/felixge/httpsnoop v1.0.4/go.mod h1:m8KPJKqk1gH5J9DgRY2ASl2lWCfGKXixSwevea8zH2U=
github.com/flynn/noise v1.0.1 h1:vPp/jdQLXC6ppsXSj/pM3W1BIJ5FEHE2TulSJBpb43Y=
github.com/flynn/noise v1.0.1/go.mod h1:xbMo+0i6+IGbYdJhF31t2eR1BIU0CYc12+BNAKwUTag=
github.com/gabriel-vasile/mimetype v1.4.4 h1:QjV6pZ7/XZ7ryI2KuyeEDE8wnh7fHP9YnQy+R0LnH8I=
github.com/gabriel-vasile/mimetype v1.4.4/go.mod h1:JwLei5XPtWdGiMFB5Pjle1oEeoSeEuJfJE+TtfvdB/s=
github.com/geoffgarside/ber v1.1.0 h1:qTmFG4jJbwiSzSXoNJeHcOprVzZ8Ulde2Rrrifu5U9w=
github.com/geoffgarside/ber v1.1.0/go.mod h1:jVPKeCbj6MvQZhwLYsGwaGI52oUorHoHKNecGT85ZCc=
github.com/go-chi/chi/v5 v5.1.0 h1:acVI1TYaD+hhedDJ3r54HyA6sExp3HfXq7QWEEY/xMw=
github.com/go-chi/chi/v5 v5.1.0/go.mod h1:DslCQbL2OYiznFReuXYUmQ2hGd1aDpCnlMNITLSKoi8=
github.com/go-darwin/apfs v0.0.0-20211011131704-f84b94dbf348 h1:JnrjqG5iR07/8k7NqrLNilRsl3s1EPRQEGvbPyOce68=
github.com/go-darwin/apfs v0.0.0-20211011131704-f84b94dbf348/go.mod h1:Czxo/d1g948LtrALAZdL04TL/HnkopquAjxYUuI02bo=
github.com/go-ini/ini v1.67.0 h1:z6ZrTEZqSWOTyH2FlglNbNgARyHG8oLW9gMELqKr06A=
github.com/go-ini/ini v1.67.0/go.mod h1:ByCAeIL28uOIIG0E3PJtZPDL8WnHpFKFOtgjp+3Ies8=
github.com/go-logr/logr v1.4.2 h1:6pFjapn8bFcIbiKo3XT4j/BhANplGihG6tvd+8rYgrY=
github.com/go-logr/logr v1.4.2/go.mod h1:9T104GzyrTigFIr8wt5mBrctHMim0Nb2HLGrmQ40KvY=
github.com/go-logr/stdr v1.2.2 h1:hSWxHoqTgW2S2qGc0LTAI563KZ5YKYRhT3MFKZMbjag=
github.com/go-logr/stdr v1.2.2/go.mod h1:mMo/vtBO5dYbehREoey6XUKy/eSumjCCveDpRre4VKE=
github.com/go-ole/go-ole v1.2.6/go.mod h1:pprOEPIfldk/42T2oK7lQ4v4JSDwmV0As9GaiUsvbm0=
github.com/go-ole/go-ole v1.3.0 h1:Dt6ye7+vXGIKZ7Xtk4s6/xVdGDQynvom7xCFEdWr6uE=
github.com/go-ole/go-ole v1.3.0/go.mod h1:5LS6F96DhAwUc7C+1HLexzMXY1xGRSryjyPPKW6zv78=
github.com/go-resty/resty/v2 v2.13.1 h1:x+LHXBI2nMB1vqndymf26quycC4aggYJ7DECYbiz03g=
github.com/go-resty/resty/v2 v2.13.1/go.mod h1:GznXlLxkq6Nh4sU59rPmUw3VtgpO3aS96ORAI6Q7d+0=
github.com/goccy/go-json v0.10.3 h1:KZ5WoDbxAIgm2HNbYckL0se1fHD6rz5j4ywS6ebzDqA=
github.com/goccy/go-json v0.10.3/go.mod h1:oq7eo15ShAhp70Anwd5lgX2pLfOS3QCiwU/PULtXL6M=
github.com/godbus/dbus/v5 v5.0.4/go.mod h1:xhWf0FNVPg57R7Z0UbKHbJfkEywrmjJnf7w5xrFpKfA=
github.com/gofrs/flock v0.8.1 h1:+gYjHKf32LDeiEEFhQaotPbLuUXjY5ZqxKgXy7n59aw=
github.com/gofrs/flock v0.8.1/go.mod h1:F1TvTiK9OcQqauNUHlbJvyl9Qa1QvF/gOUDKA14jxHU=
github.com/gogo/protobuf v1.3.2 h1:Ov1cvc58UF3b5XjBnZv7+opcTcQFZebYjWzi34vdm4Q=
github.com/gogo/protobuf v1.3.2/go.mod h1:P1XiOD3dCwIKUDQYPy72D8LYyHL2YPYrpS2s69NZV8Q=
github.com/golang-jwt/jwt/v4 v4.5.1 h1:JdqV9zKUdtaa9gdPlywC3aeoEsR681PlKC+4F5gQgeo=
github.com/golang-jwt/jwt/v4 v4.5.1/go.mod h1:m21LjoU+eqJr34lmDMbreY2eSTRJ1cv77w39/MY0Ch0=
github.com/golang-jwt/jwt/v5 v5.2.1 h1:OuVbFODueb089Lh128TAcimifWaLhJwVflnrgM17wHk=
github.com/golang-jwt/jwt/v5 v5.2.1/go.mod h1:pqrtFR0X4osieyHYxtmOUWsAWrfe1Q5UVIyoH402zdk=
github.com/golang/groupcache v0.0.0-20210331224755-41bb18bfe9da h1:oI5xCqsCo564l8iNU+DwB5epxmsaqB+rhGL0m5jtYqE=
github.com/golang/groupcache v0.0.0-20210331224755-41bb18bfe9da/go.mod h1:cIg4eruTrX1D+g88fzRXU5OdNfaM+9IcxsU14FzY7Hc=
github.com/golang/protobuf v1.2.0/go.mod h1:6lQm79b+lXiMfvg/cZm0SGofjICqVBUtrP5yJMmIC1U=
github.com/golang/protobuf v1.5.4 h1:i7eJL8qZTpSEXOPTxNKhASYpMn+8e5Q6AdndVa1dWek=
github.com/golang/protobuf v1.5.4/go.mod h1:lnTiLA8Wa4RWRcIUkrtSVa5nRhsEGBg48fD6rSs7xps=
github.com/google/go-cmp v0.6.0 h1:ofyhxvXcZhMsU5ulbFiLKl/XBFqE1GSq7atu8tAmTRI=
github.com/google/go-cmp v0.6.0/go.mod h1:17dUlkBOakJ0+DkrSSNjCkIjxS6bF9zb3elmeNGIjoY=
github.com/google/s2a-go v0.1.8 h1:zZDs9gcbt9ZPLV0ndSyQk6Kacx2g/X+SKYovpnz3SMM=
github.com/google/s2a-go v0.1.8/go.mod h1:6iNWHTpQ+nfNRN5E00MSdfDwVesa8hhS32PhPO8deJA=
github.com/google/uuid v1.6.0 h1:NIvaJDMOsjHA8n1jAhLSgzrAzy1Hgr+hNrb57e+94F0=
github.com/google/uuid v1.6.0/go.mod h1:TIyPZe4MgqvfeYDBFedMoGGpEw/LqOeaOT+nhxU+yHo=
github.com/googleapis/enterprise-certificate-proxy v0.3.4 h1:XYIDZApgAnrN1c855gTgghdIA6Stxb52D5RnLI1SLyw=
github.com/googleapis/enterprise-certificate-proxy v0.3.4/go.mod h1:YKe7cfqYXjKGpGvmSg28/fFvhNzinZQm8DGnaburhGA=
github.com/googleapis/gax-go/v2 v2.13.0 h1:yitjD5f7jQHhyDsnhKEBU52NdvvdSeGzlAnDPT0hH1s=
github.com/googleapis/gax-go/v2 v2.13.0/go.mod h1:Z/fvTZXF8/uw7Xu5GuslPw+bplx6SS338j1Is2S+B7A=
github.com/hashicorp/errwrap v1.1.0 h1:OxrOeh75EUXMY8TBjag2fzXGZ40LB6IKw45YeGUDY2I=
github.com/hashicorp/errwrap v1.1.0/go.mod h1:YH+1FKiLXxHSkmPseP+kNlulaMuP3n2brvKWEqk/Jc4=
github.com/hashicorp/go-cleanhttp v0.5.2 h1:035FKYIWjmULyFRBKPs8TBQoi0x6d9G4xc9neXJWAZQ=
github.com/hashicorp/go-cleanhttp v0.5.2/go.mod h1:kO/YDlP8L1346E6Sodw+PrpBSV4/SoxCXGY6BqNFT48=
github.com/hashicorp/go-multierror v1.1.1 h1:H5DkEtf6CXdFp0N0Em5UCwQpXMWke8IA0+lD48awMYo=
github.com/hashicorp/go-multierror v1.1.1/go.mod h1:iw975J/qwKPdAO1clOe2L8331t/9/fmwbPZ6JB6eMoM=
github.com/hashicorp/go-retryablehttp v0.7.7 h1:C8hUCYzor8PIfXHa4UrZkU4VvK8o9ISHxT2Q8+VepXU=
github.com/hashicorp/go-retryablehttp v0.7.7/go.mod h1:pkQpWZeYWskR+D1tR2O5OcBFOxfA7DoAO6xtkuQnHTk=
github.com/hashicorp/go-uuid v1.0.3 h1:2gKiV6YVmrJ1i2CKKa9obLvRieoRGviZFL26PcT/Co8=
github.com/hashicorp/go-uuid v1.0.3/go.mod h1:6SBZvOh/SIDV7/2o3Jml5SYk/TvGqwFJ/bN7x4byOro=
github.com/henrybear327/Proton-API-Bridge v1.0.0 h1:gjKAaWfKu++77WsZTHg6FUyPC5W0LTKWQciUm8PMZb0=
github.com/henrybear327/Proton-API-Bridge v1.0.0/go.mod h1:gunH16hf6U74W2b9CGDaWRadiLICsoJ6KRkSt53zLts=
github.com/henrybear327/go-proton-api v1.0.0 h1:zYi/IbjLwFAW7ltCeqXneUGJey0TN//Xo851a/BgLXw=
github.com/henrybear327/go-proton-api v1.0.0/go.mod h1:w63MZuzufKcIZ93pwRgiOtxMXYafI8H74D77AxytOBc=
github.com/jcmturner/aescts/v2 v2.0.0 h1:9YKLH6ey7H4eDBXW8khjYslgyqG2xZikXP0EQFKrle8=
github.com/jcmturner/aescts/v2 v2.0.0/go.mod h1:AiaICIRyfYg35RUkr8yESTqvSy7csK90qZ5xfvvsoNs=
github.com/jcmturner/dnsutils/v2 v2.0.0 h1:lltnkeZGL0wILNvrNiVCR6Ro5PGU/SeBvVO/8c/iPbo=
github.com/jcmturner/dnsutils/v2 v2.0.0/go.mod h1:b0TnjGOvI/n42bZa+hmXL+kFJZsFT7G4t3HTlQ184QM=
github.com/jcmturner/gofork v1.7.6 h1:QH0l3hzAU1tfT3rZCnW5zXl+orbkNMMRGJfdJjHVETg=
github.com/jcmturner/gofork v1.7.6/go.mod h1:1622LH6i/EZqLloHfE7IeZ0uEJwMSUyQ/nDd82IeqRo=
github.com/jcmturner/goidentity/v6 v6.0.1 h1:VKnZd2oEIMorCTsFBnJWbExfNN7yZr3EhJAxwOkZg6o=
github.com/jcmturner/goidentity/v6 v6.0.1/go.mod h1:X1YW3bgtvwAXju7V3LCIMpY0Gbxyjn/mY9zx4tFonSg=
github.com/jcmturner/gokrb5/v8 v8.4.4 h1:x1Sv4HaTpepFkXbt2IkL29DXRf8sOfZXo8eRKh687T8=
github.com/jcmturner/gokrb5/v8 v8.4.4/go.mod h1:1btQEpgT6k+unzCwX1KdWMEwPPkkgBtP+F6aCACiMrs=
github.com/jcmturner/rpc/v2 v2.0.3 h1:7FXXj8Ti1IaVFpSAziCZWNzbNuZmnvw/i6CqLNdWfZY=
github.com/jcmturner/rpc/v2 v2.0.3/go.mod h1:VUJYCIDm3PVOEHw8sgt091/20OJjskO/YJki3ELg/Hc=
github.com/jlaffaye/ftp v0.2.0 h1:lXNvW7cBu7R/68bknOX3MrRIIqZ61zELs1P2RAiA3lg=
github.com/jlaffaye/ftp v0.2.0/go.mod h1:is2Ds5qkhceAPy2xD6RLI6hmp/qysSoymZ+Z2uTnspI=
github.com/jtolio/noiseconn v0.0.0-20231127013910-f6d9ecbf1de7 h1:JcltaO1HXM5S2KYOYcKgAV7slU0xPy1OcvrVgn98sRQ=
github.com/jtolio/noiseconn v0.0.0-20231127013910-f6d9ecbf1de7/go.mod h1:MEkhEPFwP3yudWO0lj6vfYpLIB+3eIcuIW+e0AZzUQk=
github.com/jzelinskie/whirlpool v0.0.0-20201016144138-0675e54bb004 h1:G+9t9cEtnC9jFiTxyptEKuNIAbiN5ZCQzX2a74lj3xg=
github.com/jzelinskie/whirlpool v0.0.0-20201016144138-0675e54bb004/go.mod h1:KmHnJWQrgEvbuy0vcvj00gtMqbvNn1L+3YUZLK/B92c=
github.com/klauspost/compress v1.17.11 h1:In6xLpyWOi1+C7tXUUWv2ot1QvBjxevKAaI6IXrJmUc=
github.com/klauspost/compress v1.17.11/go.mod h1:pMDklpSncoRMuLFrf1W9Ss9KT+0rH90U12bZKk7uwG0=
github.com/klauspost/cpuid/v2 v2.0.1/go.mod h1:FInQzS24/EEf25PyTYn52gqo7WaD8xa0213Md/qVLRg=
github.com/klauspost/cpuid/v2 v2.2.8 h1:+StwCXwm9PdpiEkPyzBXIy+M9KUb4ODm0Zarf1kS5BM=
github.com/klauspost/cpuid/v2 v2.2.8/go.mod h1:Lcz8mBdAVJIBVzewtcLocK12l3Y+JytZYpaMropDUws=
github.com/koofr/go-httpclient v0.0.0-20240520111329-e20f8f203988 h1:CjEMN21Xkr9+zwPmZPaJJw+apzVbjGL5uK/6g9Q2jGU=
github.com/koofr/go-httpclient v0.0.0-20240520111329-e20f8f203988/go.mod h1:/agobYum3uo/8V6yPVnq+R82pyVGCeuWW5arT4Txn8A=
github.com/koofr/go-koofrclient v0.0.0-20221207135200-cbd7fc9ad6a6 h1:FHVoZMOVRA+6/y4yRlbiR3WvsrOcKBd/f64H7YiWR2U=
github.com/koofr/go-koofrclient v0.0.0-20221207135200-cbd7fc9ad6a6/go.mod h1:MRAz4Gsxd+OzrZ0owwrUHc0zLESL+1Y5syqK/sJxK2A=
github.com/kr/fs v0.1.0 h1:Jskdu9ieNAYnjxsi0LbQp1ulIKZV1LAFgK1tWhpZgl8=
github.com/kr/fs v0.1.0/go.mod h1:FFnZGqtBN9Gxj7eW1uZ42v5BccTP0vu6NEaFoC2HwRg=
github.com/kylelemons/godebug v1.1.0 h1:RPNrshWIDI6G2gRW9EHilWtl7Z6Sb1BR0xunSBf0SNc=
github.com/kylelemons/godebug v1.1.0/go.mod h1:9/0rRGxNHcop5bhtWyNeEfOS8JIWk580+fNqagV/RAw=
github.com/lpar/date v1.0.0 h1:bq/zVqFTUmsxvd/CylidY4Udqpr9BOFrParoP6p0x/I=
github.com/lpar/date v1.0.0/go.mod h1:KjYe0dDyMQTgpqcUz4LEIeM5VZwhggjVx/V2dtc8NSo=
github.com/lufia/plan9stats v0.0.0-20240909124753-873cd0166683 h1:7UMa6KCCMjZEMDtTVdcGu0B1GmmC7QJKiCCjyTAWQy0=
github.com/lufia/plan9stats v0.0.0-20240909124753-873cd0166683/go.mod h1:ilwx/Dta8jXAgpFYFvSWEMwxmbWXyiUHkd5FwyKhb5k=
github.com/mattn/go-colorable v0.1.13 h1:fFA4WZxdEF4tXPZVKMLwD8oUnCTTo08duU7wxecdEvA=
github.com/mattn/go-colorable v0.1.13/go.mod h1:7S9/ev0klgBDR4GtXTXX8a3vIGJpMovkB8vQcUbaXHg=
github.com/mattn/go-isatty v0.0.16/go.mod h1:kYGgaQfpe5nmfYZH+SKPsOc2e4SrIfOl2e/yFXSvRLM=
github.com/mattn/go-isatty v0.0.20 h1:xfD0iDuEKnDkl03q4limB+vH+GxLEtL/jb4xVJSWWEY=
github.com/mattn/go-isatty v0.0.20/go.mod h1:W+V8PltTTMOvKvAeJH7IuucS94S2C6jfK/D7dTCTo3Y=
github.com/matttproud/golang_protobuf_extensions v1.0.4 h1:mmDVorXM7PCGKw94cs5zkfA9PSy5pEvNWRP0ET0TIVo=
github.com/matttproud/golang_protobuf_extensions v1.0.4/go.mod h1:BSXmuO+STAnVfrANrmjBb36TMTDstsz7MSK+HVaYKv4=
github.com/minio/madmin-go/v3 v3.0.76 h1:gO758pa0qy/A0dJgLl6lQxKXJsFw6bUIS5es7CPgrLI=
github.com/minio/madmin-go/v3 v3.0.76/go.mod h1:ku/RUc2xeo4Uui/GHUURMoNEVXk4Ih40xA3KHLyMF1o=
github.com/minio/md5-simd v1.1.2 h1:Gdi1DZK69+ZVMoNHRXJyNcxrMA4dSxoYHZSQbirFg34=
github.com/minio/md5-simd v1.1.2/go.mod h1:MzdKDxYpY2BT9XQFocsiZf/NKVtR7nkE4RoEpN+20RM=
github.com/minio/minio-go/v7 v7.0.80 h1:2mdUHXEykRdY/BigLt3Iuu1otL0JTogT0Nmltg0wujk=
github.com/minio/minio-go/v7 v7.0.80/go.mod h1:84gmIilaX4zcvAWWzJ5Z1WI5axN+hAbM5w25xf8xvC0=
github.com/mitchellh/go-homedir v1.1.0 h1:lukF9ziXFxDFPkA1vsr5zpc1XuPDn/wFntq5mG+4E0Y=
github.com/mitchellh/go-homedir v1.1.0/go.mod h1:SfyaCUpYCn1Vlf4IUYiD9fPX4A5wJrkLzIz1N1q0pr0=
github.com/munnerz/goautoneg v0.0.0-20191010083416-a7dc8b61c822 h1:C3w9PqII01/Oq1c1nUAm88MOHcQC9l5mIlSMApZMrHA=
github.com/munnerz/goautoneg v0.0.0-20191010083416-a7dc8b61c822/go.mod h1:+n7T8mK8HuQTcFwEeznm/DIxMOiR9yIdICNftLE1DvQ=
github.com/ncw/swift/v2 v2.0.3 h1:8R9dmgFIWs+RiVlisCEfiQiik1hjuR0JnOkLxaP9ihg=
github.com/ncw/swift/v2 v2.0.3/go.mod h1:cbAO76/ZwcFrFlHdXPjaqWZ9R7Hdar7HpjRXBfbjigk=
github.com/oracle/oci-go-sdk/v65 v65.69.2 h1:lROMJ8/VakGOGObAWUxTVY2AX1wQCUIzVqfL4Fb2Ay8=
github.com/oracle/oci-go-sdk/v65 v65.69.2/go.mod h1:IBEV9l1qBzUpo7zgGaRUhbB05BVfcDGYRFBCPlTcPp0=
github.com/panjf2000/ants/v2 v2.9.1 h1:Q5vh5xohbsZXGcD6hhszzGqB7jSSc2/CRr3QKIga8Kw=
github.com/panjf2000/ants/v2 v2.9.1/go.mod h1:7ZxyxsqE4vvW0M7LSD8aI3cKwgFhBHbxnlN8mDqHa1I=
github.com/patrickmn/go-cache v2.1.0+incompatible h1:HRMgzkcYKYpi3C8ajMPV8OFXaaRUnok+kx1WdO15EQc=
github.com/patrickmn/go-cache v2.1.0+incompatible/go.mod h1:3Qf8kWWT7OJRJbdiICTKqZju1ZixQ/KpMGzzAfe6+WQ=
github.com/pengsrc/go-shared v0.2.1-0.20190131101655-1999055a4a14 h1:XeOYlK9W1uCmhjJSsY78Mcuh7MVkNjTzmHx1yBzizSU=
github.com/pengsrc/go-shared v0.2.1-0.20190131101655-1999055a4a14/go.mod h1:jVblp62SafmidSkvWrXyxAme3gaTfEtWwRPGz5cpvHg=
github.com/philhofer/fwd v1.1.3-0.20240916144458-20a13a1f6b7c h1:dAMKvw0MlJT1GshSTtih8C2gDs04w8dReiOGXrGLNoY=
github.com/philhofer/fwd v1.1.3-0.20240916144458-20a13a1f6b7c/go.mod h1:RqIHx9QI14HlwKwm98g9Re5prTQ6LdeRQn+gXJFxsJM=
github.com/pkg/browser v0.0.0-20240102092130-5ac0b6a4141c h1:+mdjkGKdHQG3305AYmdv1U2eRNDiU2ErMBj1gwrq8eQ=
github.com/pkg/browser v0.0.0-20240102092130-5ac0b6a4141c/go.mod h1:7rwL4CYBLnjLxUqIJNnCWiEdr3bn6IUYi15bNlnbCCU=
github.com/pkg/errors v0.9.1 h1:FEBLx1zS214owpjy7qsBeixbURkuhQAwrK5UwLGTwt4=
github.com/pkg/errors v0.9.1/go.mod h1:bwawxfHBFNV+L2hUp1rHADufV3IMtnDRdf1r5NINEl0=
github.com/pkg/sftp v1.13.6 h1:JFZT4XbOU7l77xGSpOdW+pwIMqP044IyjXX6FGyEKFo=
github.com/pkg/sftp v1.13.6/go.mod h1:tz1ryNURKu77RL+GuCzmoJYxQczL3wLNNpPWagdg4Qk=
github.com/pkg/xattr v0.4.9 h1:5883YPCtkSd8LFbs13nXplj9g9tlrwoJRjgpgMu1/fE=
github.com/pkg/xattr v0.4.9/go.mod h1:di8WF84zAKk8jzR1UBTEWh9AUlIZZ7M/JNt8e9B6ktU=
github.com/pmezard/go-difflib v1.0.0/go.mod h1:iKH77koFhYxTK1pcRnkKkqfTogsbg7gZNVY4sRDYZ/4=
github.com/pmezard/go-difflib v1.0.1-0.20181226105442-5d4384ee4fb2 h1:Jamvg5psRIccs7FGNTlIRMkT8wgtp5eCXdBlqhYGL6U=
github.com/pmezard/go-difflib v1.0.1-0.20181226105442-5d4384ee4fb2/go.mod h1:iKH77koFhYxTK1pcRnkKkqfTogsbg7gZNVY4sRDYZ/4=
github.com/power-devops/perfstat v0.0.0-20240221224432-82ca36839d55 h1:o4JXh1EVt9k/+g42oCprj/FisM4qX9L3sZB3upGN2ZU=
github.com/power-devops/perfstat v0.0.0-20240221224432-82ca36839d55/go.mod h1:OmDBASR4679mdNQnz2pUhc2G8CO2JrUAVFDRBDP/hJE=
github.com/prometheus/client_golang v1.20.5 h1:cxppBPuYhUnsO6yo/aoRol4L7q7UFfdm+bR9r+8l63Y=
github.com/prometheus/client_golang v1.20.5/go.mod h1:PIEt8X02hGcP8JWbeHyeZ53Y/jReSnHgO035n//V5WE=
github.com/prometheus/client_model v0.6.1 h1:ZKSh/rekM+n3CeS952MLRAdFwIKqeY8b62p8ais2e9E=
github.com/prometheus/client_model v0.6.1/go.mod h1:OrxVMOVHjw3lKMa8+x6HeMGkHMQyHDk9E3jmP2AmGiY=
github.com/prometheus/common v0.60.1 h1:FUas6GcOw66yB/73KC+BOZoFJmbo/1pojoILArPAaSc=
github.com/prometheus/common v0.60.1/go.mod h1:h0LYf1R1deLSKtD4Vdg8gy4RuOvENW2J/h19V5NADQw=
github.com/prometheus/procfs v0.15.1 h1:YagwOFzUgYfKKHX6Dr+sHT7km/hxC76UB0learggepc=
github.com/prometheus/procfs v0.15.1/go.mod h1:fB45yRUv8NstnjriLhBQLuOUt+WW4BsoGhij/e3PBqk=
github.com/prometheus/prom2json v1.4.1 h1:7McxdrHgPEOtMwWjkKtd0v5AhpR2Q6QAnlHKVxq0+tQ=
github.com/prometheus/prom2json v1.4.1/go.mod h1:CzOQykSKFxXuC7ELUZHOHQvwKesQ3eN0p2PWLhFitQM=
github.com/prometheus/prometheus v0.55.0 h1:ITinOi1zr3HemoVWHf679PfRRmpxZOcR4nEvsze6eB0=
github.com/prometheus/prometheus v0.55.0/go.mod h1:GGS7QlWKCqCbcEzWsVahYIfQwiGhcExkarHyLJTsv6I=
github.com/putdotio/go-putio/putio v0.0.0-20200123120452-16d982cac2b8 h1:Y258uzXU/potCYnQd1r6wlAnoMB68BiCkCcCnKx1SH8=
github.com/putdotio/go-putio/putio v0.0.0-20200123120452-16d982cac2b8/go.mod h1:bSJjRokAHHOhA+XFxplld8w2R/dXLH7Z3BZ532vhFwU=
github.com/rclone/rclone v1.68.1 h1:vlEOAuPv4gGxWECM0NIaCwBNUt3ZQY7mCsyBtZjY+68=
github.com/rclone/rclone v1.68.1/go.mod h1:T8XKOt/2Fb9INROUtFH9eF9q9o9rI1W2qTrW2bw2cYU=
github.com/relvacode/iso8601 v1.3.0 h1:HguUjsGpIMh/zsTczGN3DVJFxTU/GX+MMmzcKoMO7ko=
github.com/relvacode/iso8601 v1.3.0/go.mod h1:FlNp+jz+TXpyRqgmM7tnzHHzBnz776kmAH2h3sZCn0I=
github.com/rfjakob/eme v1.1.2 h1:SxziR8msSOElPayZNFfQw4Tjx/Sbaeeh3eRvrHVMUs4=
github.com/rfjakob/eme v1.1.2/go.mod h1:cVvpasglm/G3ngEfcfT/Wt0GwhkuO32pf/poW6Nyk1k=
github.com/rs/xid v1.6.0 h1:fV591PaemRlL6JfRxGDEPl69wICngIQ3shQtzfy2gxU=
github.com/rs/xid v1.6.0/go.mod h1:7XoLgs4eV+QndskICGsho+ADou8ySMSjJKDIan90Nz0=
github.com/sabhiram/go-gitignore v0.0.0-20210923224102-525f6e181f06 h1:OkMGxebDjyw0ULyrTYWeN0UNCCkmCWfjPnIA2W6oviI=
github.com/sabhiram/go-gitignore v0.0.0-20210923224102-525f6e181f06/go.mod h1:+ePHsJ1keEjQtpvf9HHw0f4ZeJ0TLRsxhunSI2hYJSs=
github.com/safchain/ethtool v0.4.1 h1:S6mEleTADqgynileXoiapt/nKnatyR6bmIHoF+h2ADo=
github.com/safchain/ethtool v0.4.1/go.mod h1:XLLnZmy4OCRTkksP/UiMjij96YmIsBfmBQcs7H6tA48=
github.com/samber/lo v1.47.0 h1:z7RynLwP5nbyRscyvcD043DWYoOcYRv3mV8lBeqOCLc=
github.com/samber/lo v1.47.0/go.mod h1:RmDH9Ct32Qy3gduHQuKJ3gW1fMHAnE/fAzQuf6He5cU=
github.com/secure-io/sio-go v0.3.1 h1:dNvY9awjabXTYGsTF1PiCySl9Ltofk9GA3VdWlo7rRc=
github.com/secure-io/sio-go v0.3.1/go.mod h1:+xbkjDzPjwh4Axd07pRKSNriS9SCiYksWnZqdnfpQxs=
github.com/shirou/gopsutil/v3 v3.24.5 h1:i0t8kL+kQTvpAYToeuiVk3TgDeKOFioZO3Ztz/iZ9pI=
github.com/shirou/gopsutil/v3 v3.24.5/go.mod h1:bsoOS1aStSs9ErQ1WWfxllSeS1K5D+U30r2NfcubMVk=
github.com/shoenig/go-m1cpu v0.1.6 h1:nxdKQNcEB6vzgA2E2bvzKIYRuNj7XNJ4S/aRSwKzFtM=
github.com/shoenig/go-m1cpu v0.1.6/go.mod h1:1JJMcUBvfNwpq05QDQVAnx3gUHr9IYF7GNg9SUEw2VQ=
github.com/shoenig/test v0.6.4 h1:kVTaSd7WLz5WZ2IaoM0RSzRsUD+m8wRR+5qvntpn4LU=
github.com/shoenig/test v0.6.4/go.mod h1:byHiCGXqrVaflBLAMq/srcZIHynQPQgeyvkvXnjqq0k=
github.com/sirupsen/logrus v1.9.3 h1:dueUQJ1C2q9oE3F7wvmSGAaVtTmUizReu6fjN8uqzbQ=
github.com/sirupsen/logrus v1.9.3/go.mod h1:naHLuLoDiP4jHNo9R0sCBMtWGeIprob74mVsIT4qYEQ=
github.com/skratchdot/open-golang v0.0.0-20200116055534-eef842397966 h1:JIAuq3EEf9cgbU6AtGPK4CTG3Zf6CKMNqf0MHTggAUA=
github.com/skratchdot/open-golang v0.0.0-20200116055534-eef842397966/go.mod h1:sUM3LWHvSMaG192sy56D9F7CNvL7jUJVXoqM1QKLnog=
github.com/sony/gobreaker v0.5.0 h1:dRCvqm0P490vZPmy7ppEk2qCnCieBooFJ+YoXGYB+yg=
github.com/sony/gobreaker v0.5.0/go.mod h1:ZKptC7FHNvhBz7dN2LGjPVBz2sZJmc0/PkyDJOjmxWY=
github.com/sourcegraph/conc v0.3.0 h1:OQTbbt6P72L20UqAkXXuLOj79LfEanQ+YQFNpLA9ySo=
github.com/sourcegraph/conc v0.3.0/go.mod h1:Sdozi7LEKbFPqYX2/J+iBAM6HpqSLTASQIKqDmF7Mt0=
github.com/spacemonkeygo/monkit/v3 v3.0.22 h1:4/g8IVItBDKLdVnqrdHZrCVPpIrwDBzl1jrV0IHQHDU=
github.com/spacemonkeygo/monkit/v3 v3.0.22/go.mod h1:XkZYGzknZwkD0AKUnZaSXhRiVTLCkq7CWVa3IsE72gA=
github.com/spf13/pflag v1.0.5 h1:iy+VFUOCP1a+8yFto/drg2CJ5u0yRoB7fZw3DKv/JXA=
github.com/spf13/pflag v1.0.5/go.mod h1:McXfInJRrz4CZXVZOBLb0bTZqETkiAhM9Iw0y3An2Bg=
github.com/stretchr/objx v0.1.0/go.mod h1:HFkY916IF+rwdDfMAkV7OtwuqBVzrE8GR6GFx+wExME=
github.com/stretchr/testify v1.7.0/go.mod h1:6Fq8oRcR53rry900zMqJjRRixrwX3KX962/h/Wwjteg=
github.com/stretchr/testify v1.9.0 h1:HtqpIVDClZ4nwg75+f6Lvsy/wHu+3BoSGCbBAcpTsTg=
github.com/stretchr/testify v1.9.0/go.mod h1:r2ic/lqez/lEtzL7wO/rwa5dbSLXVDPFyf8C91i36aY=
github.com/t3rm1n4l/go-mega v0.0.0-20240219080617-d494b6a8ace7 h1:Jtcrb09q0AVWe3BGe8qtuuGxNSHWGkTWr43kHTJ+CpA=
github.com/t3rm1n4l/go-mega v0.0.0-20240219080617-d494b6a8ace7/go.mod h1:suDIky6yrK07NnaBadCB4sS0CqFOvUK91lH7CR+JlDA=
github.com/tinylib/msgp v1.2.4 h1:yLFeUGostXXSGW5vxfT5dXG/qzkn4schv2I7at5+hVU=
github.com/tinylib/msgp v1.2.4/go.mod h1:ykjzy2wzgrlvpDCRc4LA8UXy6D8bzMSuAF3WD57Gok0=
github.com/tklauser/go-sysconf v0.3.14 h1:g5vzr9iPFFz24v2KZXs/pvpvh8/V9Fw6vQK5ZZb78yU=
github.com/tklauser/go-sysconf v0.3.14/go.mod h1:1ym4lWMLUOhuBOPGtRcJm7tEGX4SCYNEEEtghGG/8uY=
github.com/tklauser/numcpus v0.9.0 h1:lmyCHtANi8aRUgkckBgoDk1nHCux3n2cgkJLXdQGPDo=
github.com/tklauser/numcpus v0.9.0/go.mod h1:SN6Nq1O3VychhC1npsWostA+oW+VOQTxZrS604NSRyI=
github.com/unknwon/goconfig v1.0.0 h1:rS7O+CmUdli1T+oDm7fYj1MwqNWtEJfNj+FqcUHML8U=
github.com/unknwon/goconfig v1.0.0/go.mod h1:qu2ZQ/wcC/if2u32263HTVC39PeOQRSmidQk3DuDFQ8=
github.com/urfave/cli/v3 v3.0.0-alpha9.2 h1:CL8llQj3dGRLVQQzHxS+ZYRLanOuhyK1fXgLKD+qV+Y=
github.com/urfave/cli/v3 v3.0.0-alpha9.2/go.mod h1:FnIeEMYu+ko8zP1F9Ypr3xkZMIDqW3DR92yUtY39q1Y=
github.com/xanzy/ssh-agent v0.3.3 h1:+/15pJfg/RsTxqYcX6fHqOXZwwMP+2VyYWJeWM2qQFM=
github.com/xanzy/ssh-agent v0.3.3/go.mod h1:6dzNDKs0J9rVPHPhaGCukekBHKqfl+L3KghI1Bc68Uw=
github.com/youmark/pkcs8 v0.0.0-20201027041543-1326539a0a0a h1:fZHgsYlfvtyqToslyjUt3VOPF4J7aK/3MPcK7xp3PDk=
github.com/youmark/pkcs8 v0.0.0-20201027041543-1326539a0a0a/go.mod h1:ul22v+Nro/R083muKhosV54bj5niojjWZvU8xrevuH4=
github.com/yunify/qingstor-sdk-go/v3 v3.2.0 h1:9sB2WZMgjwSUNZhrgvaNGazVltoFUUfuS9f0uCWtTr8=
github.com/yunify/qingstor-sdk-go/v3 v3.2.0/go.mod h1:KciFNuMu6F4WLk9nGwwK69sCGKLCdd9f97ac/wfumS4=
github.com/yusufpapurcu/wmi v1.2.4 h1:zFUKzehAFReQwLys1b/iSMl+JQGSCSjtVqQn9bBrPo0=
github.com/yusufpapurcu/wmi v1.2.4/go.mod h1:SBZ9tNy3G9/m5Oi98Zks0QjeHVDvuK0qfxQmPyzfmi0=
github.com/zeebo/blake3 v0.2.3 h1:TFoLXsjeXqRNFxSbk35Dk4YtszE/MQQGK10BH4ptoTg=
github.com/zeebo/blake3 v0.2.3/go.mod h1:mjJjZpnsyIVtVgTOSpJ9vmRE4wgDeyt2HU3qXvvKCaQ=
github.com/zeebo/errs v1.3.0 h1:hmiaKqgYZzcVgRL1Vkc1Mn2914BbzB0IBxs+ebeutGs=
github.com/zeebo/errs v1.3.0/go.mod h1:sgbWHsvVuTPHcqJJGQ1WhI5KbWlHYz+2+2C/LSEtCw4=
go.etcd.io/bbolt v1.3.10 h1:+BqfJTcCzTItrop8mq/lbzL8wSGtj94UO/3U31shqG0=
go.etcd.io/bbolt v1.3.10/go.mod h1:bK3UQLPJZly7IlNmV7uVHJDxfe5aK9Ll93e/74Y9oEQ=
go.opencensus.io v0.24.0 h1:y73uSU6J157QMP2kn2r30vwW1A2W2WFwSCGnAVxeaD0=
go.opencensus.io v0.24.0/go.mod h1:vNK8G9p7aAivkbmorf4v+7Hgx+Zs0yY+0fOtgBfjQKo=
go.opentelemetry.io/contrib/instrumentation/net/http/otelhttp v0.53.0 h1:4K4tsIXefpVJtvA/8srF4V4y0akAoPHkIslgAkjixJA=
go.opentelemetry.io/contrib/instrumentation/net/http/otelhttp v0.53.0/go.mod h1:jjdQuTGVsXV4vSs+CJ2qYDeDPf9yIJV23qlIzBm73Vg=
go.opentelemetry.io/otel v1.29.0 h1:PdomN/Al4q/lN6iBJEN3AwPvUiHPMlt93c8bqTG5Llw=
go.opentelemetry.io/otel v1.29.0/go.mod h1:N/WtXPs1CNCUEx+Agz5uouwCba+i+bJGFicT8SR4NP8=
go.opentelemetry.io/otel/metric v1.29.0 h1:vPf/HFWTNkPu1aYeIsc98l4ktOQaL6LeSoeV2g+8YLc=
go.opentelemetry.io/otel/metric v1.29.0/go.mod h1:auu/QWieFVWx+DmQOUMgj0F8LHWdgalxXqvp7BII/W8=
go.opentelemetry.io/otel/trace v1.29.0 h1:J/8ZNK4XgR7a21DZUAsbF8pZ5Jcw1VhACmnYt39JTi4=
go.opentelemetry.io/otel/trace v1.29.0/go.mod h1:eHl3w0sp3paPkYstJOmAimxhiFXPg+MMTlEh3nsQgWQ=
go.uber.org/multierr v1.11.0 h1:blXXJkSxSSfBVBlC76pxqeO+LN3aDfLQo+309xJstO0=
go.uber.org/multierr v1.11.0/go.mod h1:20+QtiLqy0Nd6FdQB9TLXag12DsQkrbs3htMFfDN80Y=
golang.org/x/crypto v0.0.0-20190308221718-c2843e01d9a2/go.mod h1:djNgcEr1/C05ACkg1iLfiJU5Ep61QUkGW8qpdssI0+w=
golang.org/x/crypto v0.0.0-20200302210943-78000ba7a073/go.mod h1:LzIPMQfyMNhhGPhUkYOs5KpL4U8rLKemX1yGLhDgUto=
golang.org/x/crypto v0.28.0 h1:GBDwsMXVQi34v5CCYUm2jkJvu4cbtru2U4TN2PSyQnw=
golang.org/x/crypto v0.28.0/go.mod h1:rmgy+3RHxRZMyY0jjAJShp2zgEdOqj2AO7U0pYmeQ7U=
golang.org/x/exp v0.0.0-20240719175910-8a7402abbf56 h1:2dVuKD2vS7b0QIHQbpyTISPd0LeHDbnYEryqj5Q1ug8=
golang.org/x/exp v0.0.0-20240719175910-8a7402abbf56/go.mod h1:M4RDyNAINzryxdtnbRXRL/OHtkFuWGRjvuhBJpk2IlY=
golang.org/x/mod v0.20.0 h1:utOm6MM3R3dnawAiJgn0y+xvuYRsm1RKM/4giyfDgV0=
golang.org/x/mod v0.20.0/go.mod h1:hTbmBsO62+eylJbnUtE2MGJUyE7QWk4xUqPFrRgJ+7c=
golang.org/x/net v0.0.0-20190404232315-eb5bcb51f2a3/go.mod h1:t9HGtf8HONx5eT2rtn7q6eTqICYqUVnKs3thJo3Qplg=
golang.org/x/net v0.30.0 h1:AcW1SDZMkb8IpzCdQUaIq2sP4sZ4zw+55h6ynffypl4=
golang.org/x/net v0.30.0/go.mod h1:2wGyMJ5iFasEhkwi13ChkO/t1ECNC4X4eBKkVFyYFlU=
golang.org/x/oauth2 v0.23.0 h1:PbgcYx2W7i4LvjJWEbf0ngHV6qJYr86PkAV3bXdLEbs=
golang.org/x/oauth2 v0.23.0/go.mod h1:XYTD2NtWslqkgxebSiOHnXEap4TF09sJSc7H1sXbhtI=
golang.org/x/sync v0.0.0-20181221193216-37e7f081c4d4/go.mod h1:RxMgew5VJxzue5/jJTE5uejpjVlOe/izrB70Jof72aM=
golang.org/x/sync v0.8.0 h1:3NFvSEYkUoMifnESzZl15y791HH1qU2xm6eCJU5ZPXQ=
golang.org/x/sync v0.8.0/go.mod h1:Czt+wKu1gCyEFDUtn0jG5QVvpJ6rzVqr5aXyt9drQfk=
golang.org/x/sys v0.0.0-20190215142949-d0b11bdaac8a/go.mod h1:STP8DvDyc/dI5b8T5hshtkjS+E42TnysNCUPdjciGhY=
golang.org/x/sys v0.0.0-20190412213103-97732733099d/go.mod h1:h1NjWce9XRLGQEsW7wpKNCjG9DtNlClVuFLEZdDNbEs=
golang.org/x/sys v0.0.0-20190916202348-b4ddaad3f8a3/go.mod h1:h1NjWce9XRLGQEsW7wpKNCjG9DtNlClVuFLEZdDNbEs=
golang.org/x/sys v0.0.0-20200302150141-5c8b2ff67527/go.mod h1:h1NjWce9XRLGQEsW7wpKNCjG9DtNlClVuFLEZdDNbEs=
golang.org/x/sys v0.0.0-20201204225414-ed752295db88/go.mod h1:h1NjWce9XRLGQEsW7wpKNCjG9DtNlClVuFLEZdDNbEs=
golang.org/x/sys v0.0.0-20220715151400-c0bba94af5f8/go.mod h1:oPkhp1MJrh7nUepCBck5+mAzfO9JrbApNNgaTdGDITg=
golang.org/x/sys v0.0.0-20220811171246-fbc7d0a398ab/go.mod h1:oPkhp1MJrh7nUepCBck5+mAzfO9JrbApNNgaTdGDITg=
golang.org/x/sys v0.1.0/go.mod h1:oPkhp1MJrh7nUepCBck5+mAzfO9JrbApNNgaTdGDITg=
golang.org/x/sys v0.5.0/go.mod h1:oPkhp1MJrh7nUepCBck5+mAzfO9JrbApNNgaTdGDITg=
golang.org/x/sys v0.6.0/go.mod h1:oPkhp1MJrh7nUepCBck5+mAzfO9JrbApNNgaTdGDITg=
golang.org/x/sys v0.21.0/go.mod h1:/VUhepiaJMQUp4+oa/7Zr1D23ma6VTLIYjOOTFZPUcA=
golang.org/x/sys v0.26.0 h1:KHjCJyddX0LoSTb3J+vWpupP9p0oznkqVk/IfjymZbo=
golang.org/x/sys v0.26.0/go.mod h1:/VUhepiaJMQUp4+oa/7Zr1D23ma6VTLIYjOOTFZPUcA=
golang.org/x/term v0.25.0 h1:WtHI/ltw4NvSUig5KARz9h521QvRC8RmF/cuYqifU24=
golang.org/x/term v0.25.0/go.mod h1:RPyXicDX+6vLxogjjRxjgD2TKtmAO6NZBsBRfrOLu7M=
golang.org/x/text v0.3.0/go.mod h1:NqM8EUOU14njkJ3fqMW+pc6Ldnwhi/IjpwHt7yyuwOQ=
golang.org/x/text v0.19.0 h1:kTxAhCbGbxhK0IwgSKiMO5awPoDQ0RpfiVYBfK860YM=
golang.org/x/text v0.19.0/go.mod h1:BuEKDfySbSR4drPmRPG/7iBdf8hvFMuRexcpahXilzY=
golang.org/x/time v0.7.0 h1:ntUhktv3OPE6TgYxXWv9vKvUSJyIFJlyohwbkEwPrKQ=
golang.org/x/time v0.7.0/go.mod h1:3BpzKBy/shNhVucY/MWOyx10tF3SFh9QdLuxbVysPQM=
golang.org/x/tools v0.24.0 h1:J1shsA93PJUEVaUSaay7UXAyE8aimq3GW0pjlolpa24=
golang.org/x/tools v0.24.0/go.mod h1:YhNqVBIfWHdzvTLs0d8LCuMhkKUgSUKldakyV7W/WDQ=
google.golang.org/api v0.195.0 h1:Ude4N8FvTKnnQJHU48RFI40jOBgIrL8Zqr3/QeST6yU=
google.golang.org/api v0.195.0/go.mod h1:DOGRWuv3P8TU8Lnz7uQc4hyNqrBpMtD9ppW3wBJurgc=
google.golang.org/genproto/googleapis/rpc v0.0.0-20240903143218-8af14fe29dc1 h1:pPJltXNxVzT4pK9yD8vR9X75DaWYYmLGMsEvBfFQZzQ=
google.golang.org/genproto/googleapis/rpc v0.0.0-20240903143218-8af14fe29dc1/go.mod h1:UqMtugtsSgubUsoxbuAoiCXvqvErP7Gf0so0mK9tHxU=
google.golang.org/grpc v1.66.0 h1:DibZuoBznOxbDQxRINckZcUvnCEvrW9pcWIE2yF9r1c=
google.golang.org/grpc v1.66.0/go.mod h1:s3/l6xSSCURdVfAnL+TqCNMyTDAGN6+lZeVxnZR128Y=
google.golang.org/protobuf v1.35.1 h1:m3LfL6/Ca+fqnjnlqQXNpFPABW1UD7mjh8KO2mKFytA=
google.golang.org/protobuf v1.35.1/go.mod h1:9fA7Ob0pmnwhb644+1+CVWFRbNajQ6iRojtC/QF5bRE=
gopkg.in/check.v1 v0.0.0-20161208181325-20d25e280405/go.mod h1:Co6ibVJAznAaIkqp8huTwlJQCZ016jof/cbN4VW5Yz0=
gopkg.in/validator.v2 v2.0.1 h1:xF0KWyGWXm/LM2G1TrEjqOu4pa6coO9AlWSf3msVfDY=
gopkg.in/validator.v2 v2.0.1/go.mod h1:lIUZBlB3Im4s/eYp39Ry/wkR02yOPhZ9IwIRBjuPuG8=
gopkg.in/yaml.v2 v2.4.0 h1:D8xgwECY7CYvx+Y2n4sBz93Jn9JRvxdiyyo8CTfuKaY=
gopkg.in/yaml.v2 v2.4.0/go.mod h1:RDklbk79AGWmwhnvt/jBztapEOGDOx6ZbXqjP6csGnQ=
gopkg.in/yaml.v3 v3.0.0-20200313102051-9f266ea9e77c/go.mod h1:K4uyk7z7BCEPqu6E+C64Yfv1cQ7kz7rIZviUmN+EgEM=
gopkg.in/yaml.v3 v3.0.1 h1:fxVm/GzAzEWqLHuvctI91KS9hhNmmWOoWu0XTYJS7CA=
gopkg.in/yaml.v3 v3.0.1/go.mod h1:K4uyk7z7BCEPqu6E+C64Yfv1cQ7kz7rIZviUmN+EgEM=
moul.io/http2curl/v2 v2.3.0 h1:9r3JfDzWPcbIklMOs2TnIFzDYvfAZvjeavG6EzP7jYs=
moul.io/http2curl/v2 v2.3.0/go.mod h1:RW4hyBjTWSYDOxapodpNEtX0g5Eb16sxklBqmd2RHcE=
storj.io/common v0.0.0-20240812101423-26b53789c348 h1:Urs3fX+1Fyb+CFKGw0mCJV3MPR499WM+Vs6osw4Rqtk=
storj.io/common v0.0.0-20240812101423-26b53789c348/go.mod h1:XMpwKxc04HCBl4H5IFCGv1ca5Dm0tvH4NL7Jx+JhxuA=
storj.io/drpc v0.0.35-0.20240709171858-0075ac871661 h1:hLvEV2RMTscX3JHPd+LSQCeTt8i1Q0Yt7U2EdfyMnaQ=
storj.io/drpc v0.0.35-0.20240709171858-0075ac871661/go.mod h1:Y9LZaa8esL1PW2IDMqJE7CFSNq7d5bQ3RI7mGPtmKMg=
storj.io/eventkit v0.0.0-20240415002644-1d9596fee086 h1:TkytkGUI6zGtH5Qx/O0VxQCcYJqOOiwRq0oMi4uM5Tg=
storj.io/eventkit v0.0.0-20240415002644-1d9596fee086/go.mod h1:S6p41RzIBKoeGAdrziksWkiijnZXql9YcNsc23t0u+8=
storj.io/infectious v0.0.2 h1:rGIdDC/6gNYAStsxsZU79D/MqFjNyJc1tsyyj9sTl7Q=
storj.io/infectious v0.0.2/go.mod h1:QEjKKww28Sjl1x8iDsjBpOM4r1Yp8RsowNcItsZJ1Vs=
storj.io/picobuf v0.0.3 h1:xAUPB5ZUGfxkqd3bnw3zp01kkWb9wlhg4vtZWUs2S9A=
storj.io/picobuf v0.0.3/go.mod h1:4V4xelV1RSCck5GgmkL/Txw9l6IfX3XcBzegmL5Kudo=
storj.io/uplink v1.13.1 h1:C8RdW/upALoCyuF16Lod9XGCXEdbJAS+ABQy9JO/0pA=
storj.io/uplink v1.13.1/go.mod h1:x0MQr4UfFsQBwgVWZAtEsLpuwAn6dg7G0Mpne1r516E=
